
Microsoft Visual Studio Solution File, Format Version 12.00
# Visual Studio Version 17
VisualStudioVersion = 17.7.34003.232
MinimumVisualStudioVersion = 10.0.40219.1
Project("{8BC9CEB8-8B4A-11D0-8D11-00A0C91BC942}") = "JavaUnclassfied", "JavaUnclassfied\JavaUnclassfied.vcxproj", "{B189B9B7-262D-4AB1-94D9-8A31AFF9B281}"
EndProject
Global
	GlobalSection(SolutionConfigurationPlatforms) = preSolution
		Debug|x64 = Debug|x64
		Debug|x86 = Debug|x86
		Release|x64 = Release|x64
		Release|x86 = Release|x86
	EndGlobalSection
	GlobalSection(ProjectConfigurationPlatforms) = postSolution
		{B189B9B7-262D-4AB1-94D9-8A31AFF9B281}.Debug|x64.ActiveCfg = Debug|x64
		{B189B9B7-262D-4AB1-94D9-8A31AFF9B281}.Debug|x64.Build.0 = Debug|x64
		{B189B9B7-262D-4AB1-94D9-8A31AFF9B281}.Debug|x86.ActiveCfg = Debug|Win32
		{B189B9B7-262D-4AB1-94D9-8A31AFF9B281}.Debug|x86.Build.0 = Debug|Win32
		{B189B9B7-262D-4AB1-94D9-8A31AFF9B281}.Release|x64.ActiveCfg = Release|x64
		{B189B9B7-262D-4AB1-94D9-8A31AFF9B281}.Release|x64.Build.0 = Release|x64
		{B189B9B7-262D-4AB1-94D9-8A31AFF9B281}.Release|x86.ActiveCfg = Release|Win32
		{B189B9B7-262D-4AB1-94D9-8A31AFF9B281}.Release|x86.Build.0 = Release|Win32
	EndGlobalSection
	GlobalSection(SolutionProperties) = preSolution
		HideSolutionNode = FALSE
	EndGlobalSection
	GlobalSection(ExtensibilityGlobals) = postSolution
		SolutionGuid = {8B2CDBED-9205-49DE-94FD-296F9ACCD778}
	EndGlobalSection
EndGlobal
